// !$*UTF8*$!
{
	archiveVersion = 1;
	classes = {
	};
	objectVersion = 56;
	objects = {

/* Begin PBXBuildFile section */
		CBD18D4E2A161A010053F4D0 /* ScrollView_TestApp.swift in Sources */ = {isa = PBXBuildFile; fileRef = CBD18D4D2A161A010053F4D0 /* ScrollView_TestApp.swift */; };
		CBD18D502A161A010053F4D0 /* ContentView.swift in Sources */ = {isa = PBXBuildFile; fileRef = CBD18D4F2A161A010053F4D0 /* ContentView.swift */; };
		CBD18D522A161A020053F4D0 /* Assets.xcassets in Resources */ = {isa = PBXBuildFile; fileRef = CBD18D512A161A020053F4D0 /* Assets.xcassets */; };
		CBD18D552A161A020053F4D0 /* Preview Assets.xcassets in Resources */ = {isa = PBXBuildFile; fileRef = CBD18D542A161A020053F4D0 /* Preview Assets.xcassets */; };
		CBD18D5F2A161A020053F4D0 /* ScrollView_TestTests.swift in Sources */ = {isa = PBXBuildFile; fileRef = CBD18D5E2A161A020053F4D0 /* ScrollView_TestTests.swift */; };
		CBD18D692A161A020053F4D0 /* ScrollView_TestUITests.swift in Sources */ = {isa = PBXBuildFile; fileRef = CBD18D682A161A020053F4D0 /* ScrollView_TestUITests.swift */; };
		CBD18D6B2A161A020053F4D0 /* ScrollView_TestUITestsLaunchTests.swift in Sources */ = {isa = PBXBuildFile; fileRef = CBD18D6A2A161A020053F4D0 /* ScrollView_TestUITestsLaunchTests.swift */; };
		CBD18D792A161A540053F4D0 /* Article.swift in Sources */ = {isa = PBXBuildFile; fileRef = CBD18D782A161A540053F4D0 /* Article.swift */; };
		CBD18D7E2A161B520053F4D0 /* NewsfeedViewModel.swift in Sources */ = {isa = PBXBuildFile; fileRef = CBD18D7D2A161B520053F4D0 /* NewsfeedViewModel.swift */; };
		CBD18D812A161B970053F4D0 /* NewsfeedView.swift in Sources */ = {isa = PBXBuildFile; fileRef = CBD18D802A161B970053F4D0 /* NewsfeedView.swift */; };
/* End PBXBuildFile section */

/* Begin PBXContainerItemProxy section */
		CBD18D5B2A161A020053F4D0 /* PBXContainerItemProxy */ = {
			isa = PBXContainerItemProxy;
			containerPortal = CBD18D422A161A010053F4D0 /* Project object */;
			proxyType = 1;
			remoteGlobalIDString = CBD18D492A161A010053F4D0;
			remoteInfo = ScrollView_Test;
		};
		CBD18D652A161A020053F4D0 /* PBXContainerItemProxy */ = {
			isa = PBXContainerItemProxy;
			containerPortal = CBD18D422A161A010053F4D0 /* Project object */;
			proxyType = 1;
			remoteGlobalIDString = CBD18D492A161A010053F4D0;
			remoteInfo = ScrollView_Test;
		};
/* End PBXContainerItemProxy section */

/* Begin PBXFileReference section */
		CBD18D4A2A161A010053F4D0 /* ScrollView_Test.app */ = {isa = PBXFileReference; explicitFileType = wrapper.application; includeInIndex = 0; path = ScrollView_Test.app; sourceTree = BUILT_PRODUCTS_DIR; };
		CBD18D4D2A161A010053F4D0 /* ScrollView_TestApp.swift */ = {isa = PBXFileReference; lastKnownFileType = sourcecode.swift; path = ScrollView_TestApp.swift; sourceTree = "<group>"; };
		CBD18D4F2A161A010053F4D0 /* ContentView.swift */ = {isa = PBXFileReference; lastKnownFileType = sourcecode.swift; path = ContentView.swift; sourceTree = "<group>"; };
		CBD18D512A161A020053F4D0 /* Assets.xcassets */ = {isa = PBXFileReference; lastKnownFileType = folder.assetcatalog; path = Assets.xcassets; sourceTree = "<group>"; };
		CBD18D542A161A020053F4D0 /* Preview Assets.xcassets */ = {isa = PBXFileReference; lastKnownFileType = folder.assetcatalog; path = "Preview Assets.xcassets"; sourceTree = "<group>"; };
		CBD18D5A2A161A020053F4D0 /* ScrollView_TestTests.xctest */ = {isa = PBXFileReference; explicitFileType = wrapper.cfbundle; includeInIndex = 0; path = ScrollView_TestTests.xctest; sourceTree = BUILT_PRODUCTS_DIR; };
		CBD18D5E2A161A020053F4D0 /* ScrollView_TestTests.swift */ = {isa = PBXFileReference; lastKnownFileType = sourcecode.swift; path = ScrollView_TestTests.swift; sourceTree = "<group>"; };
		CBD18D642A161A020053F4D0 /* ScrollView_TestUITests.xctest */ = {isa = PBXFileReference; explicitFileType = wrapper.cfbundle; includeInIndex = 0; path = ScrollView_TestUITests.xctest; sourceTree = BUILT_PRODUCTS_DIR; };
		CBD18D682A161A020053F4D0 /* ScrollView_TestUITests.swift */ = {isa = PBXFileReference; lastKnownFileType = sourcecode.swift; path = ScrollView_TestUITests.swift; sourceTree = "<group>"; };
		CBD18D6A2A161A020053F4D0 /* ScrollView_TestUITestsLaunchTests.swift */ = {isa = PBXFileReference; lastKnownFileType = sourcecode.swift; path = ScrollView_TestUITestsLaunchTests.swift; sourceTree = "<group>"; };
		CBD18D782A161A540053F4D0 /* Article.swift */ = {isa = PBXFileReference; lastKnownFileType = sourcecode.swift; path = Article.swift; sourceTree = "<group>"; };
		CBD18D7D2A161B520053F4D0 /* NewsfeedViewModel.swift */ = {isa = PBXFileReference; lastKnownFileType = sourcecode.swift; path = NewsfeedViewModel.swift; sourceTree = "<group>"; };
		CBD18D802A161B970053F4D0 /* NewsfeedView.swift */ = {isa = PBXFileReference; lastKnownFileType = sourcecode.swift; path = NewsfeedView.swift; sourceTree = "<group>"; };
/* End PBXFileReference section */

/* Begin PBXFrameworksBuildPhase section */
		CBD18D472A161A010053F4D0 /* Frameworks */ = {
			isa = PBXFrameworksBuildPhase;
			buildActionMask = 2147483647;
			files = (
			);
			runOnlyForDeploymentPostprocessing = 0;
		};
		CBD18D572A161A020053F4D0 /* Frameworks */ = {
			isa = PBXFrameworksBuildPhase;
			buildActionMask = 2147483647;
			files = (
			);
			runOnlyForDeploymentPostprocessing = 0;
		};
		CBD18D612A161A020053F4D0 /* Frameworks */ = {
			isa = PBXFrameworksBuildPhase;
			buildActionMask = 2147483647;
			files = (
			);
			runOnlyForDeploymentPostprocessing = 0;
		};
/* End PBXFrameworksBuildPhase section */

/* Begin PBXGroup section */
		CBD18D412A161A010053F4D0 = {
			isa = PBXGroup;
			children = (
				CBD18D4C2A161A010053F4D0 /* ScrollView_Test */,
				CBD18D5D2A161A020053F4D0 /* ScrollView_TestTests */,
				CBD18D672A161A020053F4D0 /* ScrollView_TestUITests */,
				CBD18D4B2A161A010053F4D0 /* Products */,
			);
			sourceTree = "<group>";
		};
		CBD18D4B2A161A010053F4D0 /* Products */ = {
			isa = PBXGroup;
			children = (
				CBD18D4A2A161A010053F4D0 /* ScrollView_Test.app */,
				CBD18D5A2A161A020053F4D0 /* ScrollView_TestTests.xctest */,
				CBD18D642A161A020053F4D0 /* ScrollView_TestUITests.xctest */,
			);
			name = Products;
			sourceTree = "<group>";
		};
		CBD18D4C2A161A010053F4D0 /* ScrollView_Test */ = {
			isa = PBXGroup;
			children = (
				CBD18D7C2A161AC50053F4D0 /* Views */,
				CBD18D7A2A161AA10053F4D0 /* ViewModels */,
				CBD18D772A161A440053F4D0 /* Model */,
				CBD18D4D2A161A010053F4D0 /* ScrollView_TestApp.swift */,
				CBD18D4F2A161A010053F4D0 /* ContentView.swift */,
				CBD18D512A161A020053F4D0 /* Assets.xcassets */,
				CBD18D532A161A020053F4D0 /* Preview Content */,
			);
			path = ScrollView_Test;
			sourceTree = "<group>";
		};
		CBD18D532A161A020053F4D0 /* Preview Content */ = {
			isa = PBXGroup;
			children = (
				CBD18D542A161A020053F4D0 /* Preview Assets.xcassets */,
			);
			path = "Preview Content";
			sourceTree = "<group>";
		};
		CBD18D5D2A161A020053F4D0 /* ScrollView_TestTests */ = {
			isa = PBXGroup;
			children = (
				CBD18D5E2A161A020053F4D0 /* ScrollView_TestTests.swift */,
			);
			path = ScrollView_TestTests;
			sourceTree = "<group>";
		};
		CBD18D672A161A020053F4D0 /* ScrollView_TestUITests */ = {
			isa = PBXGroup;
			children = (
				CBD18D682A161A020053F4D0 /* ScrollView_TestUITests.swift */,
				CBD18D6A2A161A020053F4D0 /* ScrollView_TestUITestsLaunchTests.swift */,
			);
			path = ScrollView_TestUITests;
			sourceTree = "<group>";
		};
		CBD18D772A161A440053F4D0 /* Model */ = {
			isa = PBXGroup;
			children = (
				CBD18D782A161A540053F4D0 /* Article.swift */,
			);
			path = Model;
			sourceTree = "<group>";
		};
		CBD18D7A2A161AA10053F4D0 /* ViewModels */ = {
			isa = PBXGroup;
			children = (
				CBD18D7D2A161B520053F4D0 /* NewsfeedViewModel.swift */,
			);
			path = ViewModels;
			sourceTree = "<group>";
		};
		CBD18D7C2A161AC50053F4D0 /* Views */ = {
			isa = PBXGroup;
			children = (
				CBD18D802A161B970053F4D0 /* NewsfeedView.swift */,
			);
			path = Views;
			sourceTree = "<group>";
		};
/* End PBXGroup section */

/* Begin PBXNativeTarget section */
		CBD18D492A161A010053F4D0 /* ScrollView_Test */ = {
			isa = PBXNativeTarget;
			buildConfigurationList = CBD18D6E2A161A020053F4D0 /* Build configuration list for PBXNativeTarget "ScrollView_Test" */;
			buildPhases = (
				CBD18D462A161A010053F4D0 /* Sources */,
				CBD18D472A161A010053F4D0 /* Frameworks */,
				CBD18D482A161A010053F4D0 /* Resources */,
			);
			buildRules = (
			);
			dependencies = (
			);
			name = ScrollView_Test;
			productName = ScrollView_Test;
			productReference = CBD18D4A2A161A010053F4D0 /* ScrollView_Test.app */;
			productType = "com.apple.product-type.application";
		};
		CBD18D592A161A020053F4D0 /* ScrollView_TestTests */ = {
			isa = PBXNativeTarget;
			buildConfigurationList = CBD18D712A161A020053F4D0 /* Build configuration list for PBXNativeTarget "ScrollView_TestTests" */;
			buildPhases = (
				CBD18D562A161A020053F4D0 /* Sources */,
				CBD18D572A161A020053F4D0 /* Frameworks */,
				CBD18D582A161A020053F4D0 /* Resources */,
			);
			buildRules = (
			);
			dependencies = (
				CBD18D5C2A161A020053F4D0 /* PBXTargetDependency */,
			);
			name = ScrollView_TestTests;
			productName = ScrollView_TestTests;
			productReference = CBD18D5A2A161A020053F4D0 /* ScrollView_TestTests.xctest */;
			productType = "com.apple.product-type.bundle.unit-test";
		};
		CBD18D632A161A020053F4D0 /* ScrollView_TestUITests */ = {
			isa = PBXNativeTarget;
			buildConfigurationList = CBD18D742A161A020053F4D0 /* Build configuration list for PBXNativeTarget "ScrollView_TestUITests" */;
			buildPhases = (
				CBD18D602A161A020053F4D0 /* Sources */,
				CBD18D612A161A020053F4D0 /* Frameworks */,
				CBD18D622A161A020053F4D0 /* Resources */,
			);
			buildRules = (
			);
			dependencies = (
				CBD18D662A161A020053F4D0 /* PBXTargetDependency */,
			);
			name = ScrollView_TestUITests;
			productName = ScrollView_TestUITests;
			productReference = CBD18D642A161A020053F4D0 /* ScrollView_TestUITests.xctest */;
			productType = "com.apple.product-type.bundle.ui-testing";
		};
/* End PBXNativeTarget section */

/* Begin PBXProject section */
		CBD18D422A161A010053F4D0 /* Project object */ = {
			isa = PBXProject;
			attributes = {
				BuildIndependentTargetsInParallel = 1;
				LastSwiftUpdateCheck = 1420;
				LastUpgradeCheck = 1420;
				TargetAttributes = {
					CBD18D492A161A010053F4D0 = {
						CreatedOnToolsVersion = 14.2;
					};
					CBD18D592A161A020053F4D0 = {
						CreatedOnToolsVersion = 14.2;
						TestTargetID = CBD18D492A161A010053F4D0;
					};
					CBD18D632A161A020053F4D0 = {
						CreatedOnToolsVersion = 14.2;
						TestTargetID = CBD18D492A161A010053F4D0;
					};
				};
			};
			buildConfigurationList = CBD18D452A161A010053F4D0 /* Build configuration list for PBXProject "ScrollView_Test" */;
			compatibilityVersion = "Xcode 14.0";
			developmentRegion = en;
			hasScannedForEncodings = 0;
			knownRegions = (
				en,
				Base,
			);
			mainGroup = CBD18D412A161A010053F4D0;
			productRefGroup = CBD18D4B2A161A010053F4D0 /* Products */;
			projectDirPath = "";
			projectRoot = "";
			targets = (
				CBD18D492A161A010053F4D0 /* ScrollView_Test */,
				CBD18D592A161A020053F4D0 /* ScrollView_TestTests */,
				CBD18D632A161A020053F4D0 /* ScrollView_TestUITests */,
			);
		};
/* End PBXProject section */

/* Begin PBXResourcesBuildPhase section */
		CBD18D482A161A010053F4D0 /* Resources */ = {
			isa = PBXResourcesBuildPhase;
			buildActionMask = 2147483647;
			files = (
				CBD18D552A161A020053F4D0 /* Preview Assets.xcassets in Resources */,
				CBD18D522A161A020053F4D0 /* Assets.xcassets in Resources */,
			);
			runOnlyForDeploymentPostprocessing = 0;
		};
		CBD18D582A161A020053F4D0 /* Resources */ = {
			isa = PBXResourcesBuildPhase;
			buildActionMask = 2147483647;
			files = (
			);
			runOnlyForDeploymentPostprocessing = 0;
		};
		CBD18D622A161A020053F4D0 /* Resources */ = {
			isa = PBXResourcesBuildPhase;
			buildActionMask = 2147483647;
			files = (
			);
			runOnlyForDeploymentPostprocessing = 0;
		};
/* End PBXResourcesBuildPhase section */

/* Begin PBXSourcesBuildPhase section */
		CBD18D462A161A010053F4D0 /* Sources */ = {
			isa = PBXSourcesBuildPhase;
			buildActionMask = 2147483647;
			files = (
				CBD18D502A161A010053F4D0 /* ContentView.swift in Sources */,
				CBD18D4E2A161A010053F4D0 /* ScrollView_TestApp.swift in Sources */,
				CBD18D792A161A540053F4D0 /* Article.swift in Sources */,
				CBD18D7E2A161B520053F4D0 /* NewsfeedViewModel.swift in Sources */,
				CBD18D812A161B970053F4D0 /* NewsfeedView.swift in Sources */,
			);
			runOnlyForDeploymentPostprocessing = 0;
		};
		CBD18D562A161A020053F4D0 /* Sources */ = {
			isa = PBXSourcesBuildPhase;
			buildActionMask = 2147483647;
			files = (
				CBD18D5F2A161A020053F4D0 /* ScrollView_TestTests.swift in Sources */,
			);
			runOnlyForDeploymentPostprocessing = 0;
		};
		CBD18D602A161A020053F4D0 /* Sources */ = {
			isa = PBXSourcesBuildPhase;
			buildActionMask = 2147483647;
			files = (
				CBD18D6B2A161A020053F4D0 /* ScrollView_TestUITestsLaunchTests.swift in Sources */,
				CBD18D692A161A020053F4D0 /* ScrollView_TestUITests.swift in Sources */,
			);
			runOnlyForDeploymentPostprocessing = 0;
		};
/* End PBXSourcesBuildPhase section */

/* Begin PBXTargetDependency section */
		CBD18D5C2A161A020053F4D0 /* PBXTargetDependency */ = {
			isa = PBXTargetDependency;
			target = CBD18D492A161A010053F4D0 /* ScrollView_Test */;
			targetProxy = CBD18D5B2A161A020053F4D0 /* PBXContainerItemProxy */;
		};
		CBD18D662A161A020053F4D0 /* PBXTargetDependency */ = {
			isa = PBXTargetDependency;
			target = CBD18D492A161A010053F4D0 /* ScrollView_Test */;
			targetProxy = CBD18D652A161A020053F4D0 /* PBXContainerItemProxy */;
		};
/* End PBXTargetDependency section */

/* Begin XCBuildConfiguration section */
		CBD18D6C2A161A020053F4D0 /* Debug */ = {
			isa = XCBuildConfiguration;
			buildSettings = {
				ALWAYS_SEARCH_USER_PATHS = NO;
				CLANG_ANALYZER_NONNULL = YES;
				CLANG_ANALYZER_NUMBER_OBJECT_CONVERSION = YES_AGGRESSIVE;
				CLANG_CXX_LANGUAGE_STANDARD = "gnu++20";
				CLANG_ENABLE_MODULES = YES;
				CLANG_ENABLE_OBJC_ARC = YES;
				CLANG_ENABLE_OBJC_WEAK = YES;
				CLANG_WARN_BLOCK_CAPTURE_AUTORELEASING = YES;
				CLANG_WARN_BOOL_CONVERSION = YES;
				CLANG_WARN_COMMA = YES;
				CLANG_WARN_CONSTANT_CONVERSION = YES;
				CLANG_WARN_DEPRECATED_OBJC_IMPLEMENTATIONS = YES;
				CLANG_WARN_DIRECT_OBJC_ISA_USAGE = YES_ERROR;
				CLANG_WARN_DOCUMENTATION_COMMENTS = YES;
				CLANG_WARN_EMPTY_BODY = YES;
				CLANG_WARN_ENUM_CONVERSION = YES;
				CLANG_WARN_INFINITE_RECURSION = YES;
				CLANG_WARN_INT_CONVERSION = YES;
				CLANG_WARN_NON_LITERAL_NULL_CONVERSION = YES;
				CLANG_WARN_OBJC_IMPLICIT_RETAIN_SELF = YES;
				CLANG_WARN_OBJC_LITERAL_CONVERSION = YES;
				CLANG_WARN_OBJC_ROOT_CLASS = YES_ERROR;
				CLANG_WARN_QUOTED_INCLUDE_IN_FRAMEWORK_HEADER = YES;
				CLANG_WARN_RANGE_LOOP_ANALYSIS = YES;
				CLANG_WARN_STRICT_PROTOTYPES = YES;
				CLANG_WARN_SUSPICIOUS_MOVE = YES;
				CLANG_WARN_UNGUARDED_AVAILABILITY = YES_AGGRESSIVE;
				CLANG_WARN_UNREACHABLE_CODE = YES;
				CLANG_WARN__DUPLICATE_METHOD_MATCH = YES;
				COPY_PHASE_STRIP = NO;
				DEBUG_INFORMATION_FORMAT = dwarf;
				ENABLE_STRICT_OBJC_MSGSEND = YES;
				ENABLE_TESTABILITY = YES;
				GCC_C_LANGUAGE_STANDARD = gnu11;
				GCC_DYNAMIC_NO_PIC = NO;
				GCC_NO_COMMON_BLOCKS = YES;
				GCC_OPTIMIZATION_LEVEL = 0;
				GCC_PREPROCESSOR_DEFINITIONS = (
					"DEBUG=1",
					"$(inherited)",
				);
				GCC_WARN_64_TO_32_BIT_CONVERSION = YES;
				GCC_WARN_ABOUT_RETURN_TYPE = YES_ERROR;
				GCC_WARN_UNDECLARED_SELECTOR = YES;
				GCC_WARN_UNINITIALIZED_AUTOS = YES_AGGRESSIVE;
				GCC_WARN_UNUSED_FUNCTION = YES;
				GCC_WARN_UNUSED_VARIABLE = YES;
				IPHONEOS_DEPLOYMENT_TARGET = 16.2;
				MTL_ENABLE_DEBUG_INFO = INCLUDE_SOURCE;
				MTL_FAST_MATH = YES;
				ONLY_ACTIVE_ARCH = YES;
				SDKROOT = iphoneos;
				SWIFT_ACTIVE_COMPILATION_CONDITIONS = DEBUG;
				SWIFT_OPTIMIZATION_LEVEL = "-Onone";
			};
			name = Debug;
		};
		CBD18D6D2A161A020053F4D0 /* Release */ = {
			isa = XCBuildConfiguration;
			buildSettings = {
				ALWAYS_SEARCH_USER_PATHS = NO;
				CLANG_ANALYZER_NONNULL = YES;
				CLANG_ANALYZER_NUMBER_OBJECT_CONVERSION = YES_AGGRESSIVE;
				CLANG_CXX_LANGUAGE_STANDARD = "gnu++20";
				CLANG_ENABLE_MODULES = YES;
				CLANG_ENABLE_OBJC_ARC = YES;
				CLANG_ENABLE_OBJC_WEAK = YES;
				CLANG_WARN_BLOCK_CAPTURE_AUTORELEASING = YES;
				CLANG_WARN_BOOL_CONVERSION = YES;
				CLANG_WARN_COMMA = YES;
				CLANG_WARN_CONSTANT_CONVERSION = YES;
				CLANG_WARN_DEPRECATED_OBJC_IMPLEMENTATIONS = YES;
				CLANG_WARN_DIRECT_OBJC_ISA_USAGE = YES_ERROR;
				CLANG_WARN_DOCUMENTATION_COMMENTS = YES;
				CLANG_WARN_EMPTY_BODY = YES;
				CLANG_WARN_ENUM_CONVERSION = YES;
				CLANG_WARN_INFINITE_RECURSION = YES;
				CLANG_WARN_INT_CONVERSION = YES;
				CLANG_WARN_NON_LITERAL_NULL_CONVERSION = YES;
				CLANG_WARN_OBJC_IMPLICIT_RETAIN_SELF = YES;
				CLANG_WARN_OBJC_LITERAL_CONVERSION = YES;
				CLANG_WARN_OBJC_ROOT_CLASS = YES_ERROR;
				CLANG_WARN_QUOTED_INCLUDE_IN_FRAMEWORK_HEADER = YES;
				CLANG_WARN_RANGE_LOOP_ANALYSIS = YES;
				CLANG_WARN_STRICT_PROTOTYPES = YES;
				CLANG_WARN_SUSPICIOUS_MOVE = YES;
				CLANG_WARN_UNGUARDED_AVAILABILITY = YES_AGGRESSIVE;
				CLANG_WARN_UNREACHABLE_CODE = YES;
				CLANG_WARN__DUPLICATE_METHOD_MATCH = YES;
				COPY_PHASE_STRIP = NO;
				DEBUG_INFORMATION_FORMAT = "dwarf-with-dsym";
				ENABLE_NS_ASSERTIONS = NO;
				ENABLE_STRICT_OBJC_MSGSEND = YES;
				GCC_C_LANGUAGE_STANDARD = gnu11;
				GCC_NO_COMMON_BLOCKS = YES;
				GCC_WARN_64_TO_32_BIT_CONVERSION = YES;
				GCC_WARN_ABOUT_RETURN_TYPE = YES_ERROR;
				GCC_WARN_UNDECLARED_SELECTOR = YES;
				GCC_WARN_UNINITIALIZED_AUTOS = YES_AGGRESSIVE;
				GCC_WARN_UNUSED_FUNCTION = YES;
				GCC_WARN_UNUSED_VARIABLE = YES;
				IPHONEOS_DEPLOYMENT_TARGET = 16.2;
				MTL_ENABLE_DEBUG_INFO = NO;
				MTL_FAST_MATH = YES;
				SDKROOT = iphoneos;
				SWIFT_COMPILATION_MODE = wholemodule;
				SWIFT_OPTIMIZATION_LEVEL = "-O";
				VALIDATE_PRODUCT = YES;
			};
			name = Release;
		};
		CBD18D6F2A161A020053F4D0 /* Debug */ = {
			isa = XCBuildConfiguration;
			buildSettings = {
				ASSETCATALOG_COMPILER_APPICON_NAME = AppIcon;
				ASSETCATALOG_COMPILER_GLOBAL_ACCENT_COLOR_NAME = AccentColor;
				CODE_SIGN_STYLE = Automatic;
				CURRENT_PROJECT_VERSION = 1;
				DEVELOPMENT_ASSET_PATHS = "\"ScrollView_Test/Preview Content\"";
				DEVELOPMENT_TEAM = 5A8L7XTFM2;
				ENABLE_PREVIEWS = YES;
				GENERATE_INFOPLIST_FILE = YES;
				INFOPLIST_KEY_UIApplicationSceneManifest_Generation = YES;
				INFOPLIST_KEY_UIApplicationSupportsIndirectInputEvents = YES;
				INFOPLIST_KEY_UILaunchScreen_Generation = YES;
				INFOPLIST_KEY_UISupportedInterfaceOrientations_iPad = "UIInterfaceOrientationPortrait UIInterfaceOrientationPortraitUpsideDown UIInterfaceOrientationLandscapeLeft UIInterfaceOrientationLandscapeRight";
				INFOPLIST_KEY_UISupportedInterfaceOrientations_iPhone = "UIInterfaceOrientationPortrait UIInterfaceOrientationLandscapeLeft UIInterfaceOrientationLandscapeRight";
				LD_RUNPATH_SEARCH_PATHS = (
					"$(inherited)",
					"@executable_path/Frameworks",
				);
				MARKETING_VERSION = 1.0;
				PRODUCT_BUNDLE_IDENTIFIER = "com.example.salmberg.ScrollView-Test";
				PRODUCT_NAME = "$(TARGET_NAME)";
				SWIFT_EMIT_LOC_STRINGS = YES;
				SWIFT_VERSION = 5.0;
				TARGETED_DEVICE_FAMILY = "1,2";
			};
			name = Debug;
		};
		CBD18D702A161A020053F4D0 /* Release */ = {
			isa = XCBuildConfiguration;
			buildSettings = {
				ASSETCATALOG_COMPILER_APPICON_NAME = AppIcon;
				ASSETCATALOG_COMPILER_GLOBAL_ACCENT_COLOR_NAME = AccentColor;
				CODE_SIGN_STYLE = Automatic;
				CURRENT_PROJECT_VERSION = 1;
				DEVELOPMENT_ASSET_PATHS = "\"ScrollView_Test/Preview Content\"";
				DEVELOPMENT_TEAM = 5A8L7XTFM2;
				ENABLE_PREVIEWS = YES;
				GENERATE_INFOPLIST_FILE = YES;
				INFOPLIST_KEY_UIApplicationSceneManifest_Generation = YES;
				INFOPLIST_KEY_UIApplicationSupportsIndirectInputEvents = YES;
				INFOPLIST_KEY_UILaunchScreen_Generation = YES;
				INFOPLIST_KEY_UISupportedInterfaceOrientations_iPad = "UIInterfaceOrientationPortrait UIInterfaceOrientationPortraitUpsideDown UIInterfaceOrientationLandscapeLeft UIInterfaceOrientationLandscapeRight";
				INFOPLIST_KEY_UISupportedInterfaceOrientations_iPhone = "UIInterfaceOrientationPortrait UIInterfaceOrientationLandscapeLeft UIInterfaceOrientationLandscapeRight";
				LD_RUNPATH_SEARCH_PATHS = (
					"$(inherited)",
					"@executable_path/Frameworks",
				);
				MARKETING_VERSION = 1.0;
				PRODUCT_BUNDLE_IDENTIFIER = "com.example.salmberg.ScrollView-Test";
				PRODUCT_NAME = "$(TARGET_NAME)";
				SWIFT_EMIT_LOC_STRINGS = YES;
				SWIFT_VERSION = 5.0;
				TARGETED_DEVICE_FAMILY = "1,2";
			};
			name = Release;
		};
		CBD18D722A161A020053F4D0 /* Debug */ = {
			isa = XCBuildConfiguration;
			buildSettings = {
				ALWAYS_EMBED_SWIFT_STANDARD_LIBRARIES = YES;
				BUNDLE_LOADER = "$(TEST_HOST)";
				CODE_SIGN_STYLE = Automatic;
				CURRENT_PROJECT_VERSION = 1;
				DEVELOPMENT_TEAM = 5A8L7XTFM2;
				GENERATE_INFOPLIST_FILE = YES;
				IPHONEOS_DEPLOYMENT_TARGET = 16.2;
				MARKETING_VERSION = 1.0;
				PRODUCT_BUNDLE_IDENTIFIER = "com.example.salmberg.ScrollView-TestTests";
				PRODUCT_NAME = "$(TARGET_NAME)";
				SWIFT_EMIT_LOC_STRINGS = NO;
				SWIFT_VERSION = 5.0;
				TARGETED_DEVICE_FAMILY = "1,2";
				TEST_HOST = "$(BUILT_PRODUCTS_DIR)/ScrollView_Test.app/$(BUNDLE_EXECUTABLE_FOLDER_PATH)/ScrollView_Test";
			};
			name = Debug;
		};
		CBD18D732A161A020053F4D0 /* Release */ = {
			isa = XCBuildConfiguration;
			buildSettings = {
				ALWAYS_EMBED_SWIFT_STANDARD_LIBRARIES = YES;
				BUNDLE_LOADER = "$(TEST_HOST)";
				CODE_SIGN_STYLE = Automatic;
				CURRENT_PROJECT_VERSION = 1;
				DEVELOPMENT_TEAM = 5A8L7XTFM2;
				GENERATE_INFOPLIST_FILE = YES;
				IPHONEOS_DEPLOYMENT_TARGET = 16.2;
				MARKETING_VERSION = 1.0;
				PRODUCT_BUNDLE_IDENTIFIER = "com.example.salmberg.ScrollView-TestTests";
				PRODUCT_NAME = "$(TARGET_NAME)";
				SWIFT_EMIT_LOC_STRINGS = NO;
				SWIFT_VERSION = 5.0;
				TARGETED_DEVICE_FAMILY = "1,2";
				TEST_HOST = "$(BUILT_PRODUCTS_DIR)/ScrollView_Test.app/$(BUNDLE_EXECUTABLE_FOLDER_PATH)/ScrollView_Test";
			};
			name = Release;
		};
		CBD18D752A161A020053F4D0 /* Debug */ = {
			isa = XCBuildConfiguration;
			buildSettings = {
				ALWAYS_EMBED_SWIFT_STANDARD_LIBRARIES = YES;
				CODE_SIGN_STYLE = Automatic;
				CURRENT_PROJECT_VERSION = 1;
				DEVELOPMENT_TEAM = 5A8L7XTFM2;
				GENERATE_INFOPLIST_FILE = YES;
				MARKETING_VERSION = 1.0;
				PRODUCT_BUNDLE_IDENTIFIER = "com.example.salmberg.ScrollView-TestUITests";
				PRODUCT_NAME = "$(TARGET_NAME)";
				SWIFT_EMIT_LOC_STRINGS = NO;
				SWIFT_VERSION = 5.0;
				TARGETED_DEVICE_FAMILY = "1,2";
				TEST_TARGET_NAME = ScrollView_Test;
			};
			name = Debug;
		};
		CBD18D762A161A020053F4D0 /* Release */ = {
			isa = XCBuildConfiguration;
			buildSettings = {
				ALWAYS_EMBED_SWIFT_STANDARD_LIBRARIES = YES;
				CODE_SIGN_STYLE = Automatic;
				CURRENT_PROJECT_VERSION = 1;
				DEVELOPMENT_TEAM = 5A8L7XTFM2;
				GENERATE_INFOPLIST_FILE = YES;
				MARKETING_VERSION = 1.0;
				PRODUCT_BUNDLE_IDENTIFIER = "com.example.salmberg.ScrollView-TestUITests";
				PRODUCT_NAME = "$(TARGET_NAME)";
				SWIFT_EMIT_LOC_STRINGS = NO;
				SWIFT_VERSION = 5.0;
				TARGETED_DEVICE_FAMILY = "1,2";
				TEST_TARGET_NAME = ScrollView_Test;
			};
			name = Release;
		};
/* End XCBuildConfiguration section */

/* Begin XCConfigurationList section */
		CBD18D452A161A010053F4D0 /* Build configuration list for PBXProject "ScrollView_Test" */ = {
			isa = XCConfigurationList;
			buildConfigurations = (
				CBD18D6C2A161A020053F4D0 /* Debug */,
				CBD18D6D2A161A020053F4D0 /* Release */,
			);
			defaultConfigurationIsVisible = 0;
			defaultConfigurationName = Release;
		};
		CBD18D6E2A161A020053F4D0 /* Build configuration list for PBXNativeTarget "ScrollView_Test" */ = {
			isa = XCConfigurationList;
			buildConfigurations = (
				CBD18D6F2A161A020053F4D0 /* Debug */,
				CBD18D702A161A020053F4D0 /* Release */,
			);
			defaultConfigurationIsVisible = 0;
			defaultConfigurationName = Release;
		};
		CBD18D712A161A020053F4D0 /* Build configuration list for PBXNativeTarget "ScrollView_TestTests" */ = {
			isa = XCConfigurationList;
			buildConfigurations = (
				CBD18D722A161A020053F4D0 /* Debug */,
				CBD18D732A161A020053F4D0 /* Release */,
			);
			defaultConfigurationIsVisible = 0;
			defaultConfigurationName = Release;
		};
		CBD18D742A161A020053F4D0 /* Build configuration list for PBXNativeTarget "ScrollView_TestUITests" */ = {
			isa = XCConfigurationList;
			buildConfigurations = (
				CBD18D752A161A020053F4D0 /* Debug */,
				CBD18D762A161A020053F4D0 /* Release */,
			);
			defaultConfigurationIsVisible = 0;
			defaultConfigurationName = Release;
		};
/* End XCConfigurationList section */
	};
	rootObject = CBD18D422A161A010053F4D0 /* Project object */;
}
